
Microsoft Visual Studio Solution File, Format Version 12.00
# Visual Studio Version 17
VisualStudioVersion = 17.0.31903.59
MinimumVisualStudioVersion = 10.0.40219.1
Project("{FAE04EC0-301F-11D3-BF4B-00C04F79EFBC}") = "OpenSettings.Api", "src\OpenSettings.Api\OpenSettings.Api.csproj", "{E7252FE8-6944-413C-A0A1-FC5FBAA99820}"
EndProject
Project("{FAE04EC0-301F-11D3-BF4B-00C04F79EFBC}") = "Consumer.Api", "src\Consumer.Api\Consumer.Api.csproj", "{2F63D259-9A48-4684-892B-0403E1E038F1}"
EndProject
Global
	GlobalSection(SolutionConfigurationPlatforms) = preSolution
		Debug|Any CPU = Debug|Any CPU
		Release|Any CPU = Release|Any CPU
	EndGlobalSection
	GlobalSection(ProjectConfigurationPlatforms) = postSolution
		{E7252FE8-6944-413C-A0A1-FC5FBAA99820}.Debug|Any CPU.ActiveCfg = Debug|Any CPU
		{E7252FE8-6944-413C-A0A1-FC5FBAA99820}.Debug|Any CPU.Build.0 = Debug|Any CPU
		{E7252FE8-6944-413C-A0A1-FC5FBAA99820}.Release|Any CPU.ActiveCfg = Release|Any CPU
		{E7252FE8-6944-413C-A0A1-FC5FBAA99820}.Release|Any CPU.Build.0 = Release|Any CPU
		{2F63D259-9A48-4684-892B-0403E1E038F1}.Debug|Any CPU.ActiveCfg = Debug|Any CPU
		{2F63D259-9A48-4684-892B-0403E1E038F1}.Debug|Any CPU.Build.0 = Debug|Any CPU
		{2F63D259-9A48-4684-892B-0403E1E038F1}.Release|Any CPU.ActiveCfg = Release|Any CPU
		{2F63D259-9A48-4684-892B-0403E1E038F1}.Release|Any CPU.Build.0 = Release|Any CPU
	EndGlobalSection
	GlobalSection(SolutionProperties) = preSolution
		HideSolutionNode = FALSE
	EndGlobalSection
EndGlobal
